
Microsoft Visual Studio Solution File, Format Version 12.00
# Visual Studio Version 17
VisualStudioVersion = 17.13.35931.197 d17.13
MinimumVisualStudioVersion = 10.0.40219.1
Project("{FAE04EC0-301F-11D3-BF4B-00C04F79EFBC}") = "LearnBlazor", "LearnBlazor.csproj", "{27660A53-AEA1-4C27-99BA-03A48EAA9FE4}"
EndProject
Global
	GlobalSection(SolutionConfigurationPlatforms) = preSolution
		Debug|Any CPU = Debug|Any CPU
		Release|Any CPU = Release|Any CPU
	EndGlobalSection
	GlobalSection(ProjectConfigurationPlatforms) = postSolution
		{27660A53-AEA1-4C27-99BA-03A48EAA9FE4}.Debug|Any CPU.ActiveCfg = Debug|Any CPU
		{27660A53-AEA1-4C27-99BA-03A48EAA9FE4}.Debug|Any CPU.Build.0 = Debug|Any CPU
		{27660A53-AEA1-4C27-99BA-03A48EAA9FE4}.Release|Any CPU.ActiveCfg = Release|Any CPU
		{27660A53-AEA1-4C27-99BA-03A48EAA9FE4}.Release|Any CPU.Build.0 = Release|Any CPU
	EndGlobalSection
	GlobalSection(SolutionProperties) = preSolution
		HideSolutionNode = FALSE
	EndGlobalSection
	GlobalSection(ExtensibilityGlobals) = postSolution
		SolutionGuid = {9F82D7E2-1A08-4BC4-B92B-A24B0B3F15B1}
	EndGlobalSection
EndGlobal
